{
  "name": "@webpart/env",
  "version": "2.1.1",
  "lockfileVersion": 2,
  "requires": true,
  "packages": {
    "": {
      "name": "@webpart/env",
      "version": "2.1.1",
      "license": "MIT",
      "dependencies": {
        "@definejs/patterns": "^1.0.2",
        "@definejs/string": "^1.0.0"
      }
    },
    "node_modules/@definejs/directory": {
      "version": "2.0.3",
      "resolved": "https://registry.npmjs.org/@definejs/directory/-/directory-2.0.3.tgz",
      "integrity": "sha512-s3klKNv8B2uXzD9bGt8r3Y1aksoVv9dNCuz1Dx9/DYJSHsrWFJD6THy9IrVAPGY36jnoYW1pe9TXyoLuu0mMaQ==",
      "dependencies": {
        "@definejs/path": "^2.0.1"
      }
    },
    "node_modules/@definejs/path": {
      "version": "2.0.1",
      "resolved": "https://registry.npmjs.org/@definejs/path/-/path-2.0.1.tgz",
      "integrity": "sha512-PMNdSIP/VQvX7R94Yvjb4hGA0/n3k2MVnONjV8j2RtxDACAD6R67Ek8ezc7C5dDdwvT2IaYxaaqXeltyLRStyg=="
    },
    "node_modules/@definejs/patterns": {
      "version": "1.0.2",
      "resolved": "https://registry.npmjs.org/@definejs/patterns/-/patterns-1.0.2.tgz",
      "integrity": "sha512-PcejA0Fy/MgJcg5MBaMlG/C0bRGvBi4Z6uujYGnnepy7W4UkkhgMDM9TvDyY3kwYHmMgBf18314yGgLiFbMXDw==",
      "dependencies": {
        "@definejs/directory": "^2.0.2",
        "@definejs/path": "^2.0.1",
        "minimatch": "^3.0.4"
      }
    },
    "node_modules/@definejs/string": {
      "version": "1.0.0",
      "resolved": "https://registry.npmjs.org/@definejs/string/-/string-1.0.0.tgz",
      "integrity": "sha512-w07CpqHYu6th6y+n5jic6ZUdiB19GPzuq8LGHqpSky8R28ugA1uIDkFodd5tt9dokD00pLd4nFY6bO8JuLYxxQ=="
    },
    "node_modules/balanced-match": {
      "version": "1.0.2",
      "resolved": "https://registry.npmjs.org/balanced-match/-/balanced-match-1.0.2.tgz",
      "integrity": "sha512-3oSeUO0TMV67hN1AmbXsK4yaqU7tjiHlbxRDZOpH0KW9+CeX4bRAaX0Anxt0tx2MrpRpWwQaPwIlISEJhYU5Pw=="
    },
    "node_modules/brace-expansion": {
      "version": "1.1.11",
      "resolved": "https://registry.npmjs.org/brace-expansion/-/brace-expansion-1.1.11.tgz",
      "integrity": "sha512-iCuPHDFgrHX7H2vEI/5xpz07zSHB00TpugqhmYtVmMO6518mCuRMoOYFldEBl0g187ufozdaHgWKcYFb61qGiA==",
      "dependencies": {
        "balanced-match": "^1.0.0",
        "concat-map": "0.0.1"
      }
    },
    "node_modules/concat-map": {
      "version": "0.0.1",
      "resolved": "https://registry.npmjs.org/concat-map/-/concat-map-0.0.1.tgz",
      "integrity": "sha1-2Klr13/Wjfd5OnMDajug1UBdR3s="
    },
    "node_modules/minimatch": {
      "version": "3.1.2",
      "resolved": "https://registry.npmjs.org/minimatch/-/minimatch-3.1.2.tgz",
      "integrity": "sha512-J7p63hRiAjw1NDEww1W7i37+ByIrOWO5XQQAzZ3VOcL0PNybwpfmV/N05zFAzwQ9USyEcX6t3UO+K5aqBQOIHw==",
      "dependencies": {
        "brace-expansion": "^1.1.7"
      },
      "engines": {
        "node": "*"
      }
    }
  },
  "dependencies": {
    "@definejs/directory": {
      "version": "2.0.3",
      "resolved": "https://registry.npmjs.org/@definejs/directory/-/directory-2.0.3.tgz",
      "integrity": "sha512-s3klKNv8B2uXzD9bGt8r3Y1aksoVv9dNCuz1Dx9/DYJSHsrWFJD6THy9IrVAPGY36jnoYW1pe9TXyoLuu0mMaQ==",
      "requires": {
        "@definejs/path": "^2.0.1"
      }
    },
    "@definejs/path": {
      "version": "2.0.1",
      "resolved": "https://registry.npmjs.org/@definejs/path/-/path-2.0.1.tgz",
      "integrity": "sha512-PMNdSIP/VQvX7R94Yvjb4hGA0/n3k2MVnONjV8j2RtxDACAD6R67Ek8ezc7C5dDdwvT2IaYxaaqXeltyLRStyg=="
    },
    "@definejs/patterns": {
      "version": "1.0.2",
      "resolved": "https://registry.npmjs.org/@definejs/patterns/-/patterns-1.0.2.tgz",
      "integrity": "sha512-PcejA0Fy/MgJcg5MBaMlG/C0bRGvBi4Z6uujYGnnepy7W4UkkhgMDM9TvDyY3kwYHmMgBf18314yGgLiFbMXDw==",
      "requires": {
        "@definejs/directory": "^2.0.2",
        "@definejs/path": "^2.0.1",
        "minimatch": "^3.0.4"
      }
    },
    "@definejs/string": {
      "version": "1.0.0",
      "resolved": "https://registry.npmjs.org/@definejs/string/-/string-1.0.0.tgz",
      "integrity": "sha512-w07CpqHYu6th6y+n5jic6ZUdiB19GPzuq8LGHqpSky8R28ugA1uIDkFodd5tt9dokD00pLd4nFY6bO8JuLYxxQ=="
    },
    "balanced-match": {
      "version": "1.0.2",
      "resolved": "https://registry.npmjs.org/balanced-match/-/balanced-match-1.0.2.tgz",
      "integrity": "sha512-3oSeUO0TMV67hN1AmbXsK4yaqU7tjiHlbxRDZOpH0KW9+CeX4bRAaX0Anxt0tx2MrpRpWwQaPwIlISEJhYU5Pw=="
    },
    "brace-expansion": {
      "version": "1.1.11",
      "resolved": "https://registry.npmjs.org/brace-expansion/-/brace-expansion-1.1.11.tgz",
      "integrity": "sha512-iCuPHDFgrHX7H2vEI/5xpz07zSHB00TpugqhmYtVmMO6518mCuRMoOYFldEBl0g187ufozdaHgWKcYFb61qGiA==",
      "requires": {
        "balanced-match": "^1.0.0",
        "concat-map": "0.0.1"
      }
    },
    "concat-map": {
      "version": "0.0.1",
      "resolved": "https://registry.npmjs.org/concat-map/-/concat-map-0.0.1.tgz",
      "integrity": "sha1-2Klr13/Wjfd5OnMDajug1UBdR3s="
    },
    "minimatch": {
      "version": "3.1.2",
      "resolved": "https://registry.npmjs.org/minimatch/-/minimatch-3.1.2.tgz",
      "integrity": "sha512-J7p63hRiAjw1NDEww1W7i37+ByIrOWO5XQQAzZ3VOcL0PNybwpfmV/N05zFAzwQ9USyEcX6t3UO+K5aqBQOIHw==",
      "requires": {
        "brace-expansion": "^1.1.7"
      }
    }
  }
}
